
Microsoft Visual Studio Solution File, Format Version 12.00
# Visual Studio 15
VisualStudioVersion = 15.0.28307.1972
MinimumVisualStudioVersion = 10.0.40219.1
Project("{FAE04EC0-301F-11D3-BF4B-00C04F79EFBC}") = "Calculator", "Calculator\Calculator.csproj", "{76B1FE6E-7286-4217-8269-F12974823137}"
EndProject
Global
	GlobalSection(SolutionConfigurationPlatforms) = preSolution
		Debug|Any CPU = Debug|Any CPU
		Release|Any CPU = Release|Any CPU
	EndGlobalSection
	GlobalSection(ProjectConfigurationPlatforms) = postSolution
		{76B1FE6E-7286-4217-8269-F12974823137}.Debug|Any CPU.ActiveCfg = Debug|Any CPU
		{76B1FE6E-7286-4217-8269-F12974823137}.Debug|Any CPU.Build.0 = Debug|Any CPU
		{76B1FE6E-7286-4217-8269-F12974823137}.Release|Any CPU.ActiveCfg = Release|Any CPU
		{76B1FE6E-7286-4217-8269-F12974823137}.Release|Any CPU.Build.0 = Release|Any CPU
	EndGlobalSection
	GlobalSection(SolutionProperties) = preSolution
		HideSolutionNode = FALSE
	EndGlobalSection
	GlobalSection(ExtensibilityGlobals) = postSolution
		SolutionGuid = {6C9C97BE-0B19-4AE0-B402-571FA267E41D}
	EndGlobalSection
EndGlobal
